
Microsoft Visual Studio Solution File, Format Version 12.00
# Visual Studio 2013
VisualStudioVersion = 12.0.21005.1
MinimumVisualStudioVersion = 10.0.40219.1
Project("{FAE04EC0-301F-11D3-BF4B-00C04F79EFBC}") = "SearchEngine", "SearchEngine\SearchEngine.csproj", "{0BC64E2D-8C8E-4F39-BDD5-CF88CA37173F}"
EndProject
Project("{FAE04EC0-301F-11D3-BF4B-00C04F79EFBC}") = "SearchTest", "SearchTest\SearchTest.csproj", "{4DA82863-6331-4ED6-A362-AFFCE626BEDB}"
EndProject
Global
	GlobalSection(SolutionConfigurationPlatforms) = preSolution
		Debug|Any CPU = Debug|Any CPU
		Release|Any CPU = Release|Any CPU
	EndGlobalSection
	GlobalSection(ProjectConfigurationPlatforms) = postSolution
		{0BC64E2D-8C8E-4F39-BDD5-CF88CA37173F}.Debug|Any CPU.ActiveCfg = Debug|Any CPU
		{0BC64E2D-8C8E-4F39-BDD5-CF88CA37173F}.Debug|Any CPU.Build.0 = Debug|Any CPU
		{0BC64E2D-8C8E-4F39-BDD5-CF88CA37173F}.Release|Any CPU.ActiveCfg = Release|Any CPU
		{0BC64E2D-8C8E-4F39-BDD5-CF88CA37173F}.Release|Any CPU.Build.0 = Release|Any CPU
		{4DA82863-6331-4ED6-A362-AFFCE626BEDB}.Debug|Any CPU.ActiveCfg = Debug|Any CPU
		{4DA82863-6331-4ED6-A362-AFFCE626BEDB}.Debug|Any CPU.Build.0 = Debug|Any CPU
		{4DA82863-6331-4ED6-A362-AFFCE626BEDB}.Release|Any CPU.ActiveCfg = Release|Any CPU
		{4DA82863-6331-4ED6-A362-AFFCE626BEDB}.Release|Any CPU.Build.0 = Release|Any CPU
	EndGlobalSection
	GlobalSection(SolutionProperties) = preSolution
		HideSolutionNode = FALSE
	EndGlobalSection
EndGlobal
